
Microsoft Visual Studio Solution File, Format Version 12.00
# Visual Studio 15
VisualStudioVersion = 15.0.28307.168
MinimumVisualStudioVersion = 10.0.40219.1
Project("{FAE04EC0-301F-11D3-BF4B-00C04F79EFBC}") = "M120 Projekt", "M120 Projekt\M120 Projekt.csproj", "{405ADE20-9116-409E-8A15-16F0227031B3}"
EndProject
Global
	GlobalSection(SolutionConfigurationPlatforms) = preSolution
		Debug|Any CPU = Debug|Any CPU
		Release|Any CPU = Release|Any CPU
	EndGlobalSection
	GlobalSection(ProjectConfigurationPlatforms) = postSolution
		{405ADE20-9116-409E-8A15-16F0227031B3}.Debug|Any CPU.ActiveCfg = Debug|Any CPU
		{405ADE20-9116-409E-8A15-16F0227031B3}.Debug|Any CPU.Build.0 = Debug|Any CPU
		{405ADE20-9116-409E-8A15-16F0227031B3}.Release|Any CPU.ActiveCfg = Release|Any CPU
		{405ADE20-9116-409E-8A15-16F0227031B3}.Release|Any CPU.Build.0 = Release|Any CPU
	EndGlobalSection
	GlobalSection(SolutionProperties) = preSolution
		HideSolutionNode = FALSE
	EndGlobalSection
	GlobalSection(ExtensibilityGlobals) = postSolution
		SolutionGuid = {BE90BE2D-4CC6-49CE-AB9D-93358F1D0FFC}
	EndGlobalSection
EndGlobal
